PODS:
  - Alamofire (4.5.0)
  - AlamofireObjectMapper (4.1.0):
    - Alamofire (~> 4.1)
    - ObjectMapper (~> 2.0)
  - Mapbox-iOS-SDK (3.6.1)
  - ObjectMapper (2.2.8)
  - SwiftyJSON (3.1.4)

DEPENDENCIES:
  - Alamofire (~> 4.4)
  - AlamofireObjectMapper (~> 4.0)
  - Mapbox-iOS-SDK (~> 3.6)
  - SwiftyJSON

SPEC CHECKSUMS:
  Alamofire: f28cdffd29de33a7bfa022cbd63ae95a27fae140
  AlamofireObjectMapper: 435adc82f5b367679bd9e71c4974a54efd0b2521
  Mapbox-iOS-SDK: 7dd2a0fd08e9444b9c47f6e8fd1c32509bce3243
  ObjectMapper: 3d571bb5af471c779e1160828cd9ad5c4ef90958
  SwiftyJSON: c2842d878f95482ffceec5709abc3d05680c0220

PODFILE CHECKSUM: 2dfabc746ab11b3dbac36aabeff4667fdb78392e

COCOAPODS: 1.2.1
